// !$*UTF8*$!
{
	archiveVersion = 1;
	classes = {
	};
	objectVersion = 56;
	objects = {

/* Begin PBXBuildFile section */
		3F5AA8282B0D0ABE00075613 /* AppDelegate.swift in Sources */ = {isa = PBXBuildFile; fileRef = 3F5AA8272B0D0ABE00075613 /* AppDelegate.swift */; };
		3F5AA82A2B0D0ABE00075613 /* SceneDelegate.swift in Sources */ = {isa = PBXBuildFile; fileRef = 3F5AA8292B0D0ABE00075613 /* SceneDelegate.swift */; };
		3F5AA82C2B0D0ABE00075613 /* OverviewController.swift in Sources */ = {isa = PBXBuildFile; fileRef = 3F5AA82B2B0D0ABE00075613 /* OverviewController.swift */; };
		3F5AA8312B0D0AC000075613 /* Assets.xcassets in Resources */ = {isa = PBXBuildFile; fileRef = 3F5AA8302B0D0AC000075613 /* Assets.xcassets */; };
		3F5AA8342B0D0AC000075613 /* LaunchScreen.storyboard in Resources */ = {isa = PBXBuildFile; fileRef = 3F5AA8322B0D0AC000075613 /* LaunchScreen.storyboard */; };
		3F5AA8422B0D1EF900075613 /* UIColor + ext.swift in Sources */ = {isa = PBXBuildFile; fileRef = 3F5AA8412B0D1EF900075613 /* UIColor + ext.swift */; };
		3F5AA8442B0D1FC300075613 /* Resources.swift in Sources */ = {isa = PBXBuildFile; fileRef = 3F5AA8432B0D1FC300075613 /* Resources.swift */; };
		3F5AA8462B0D20A600075613 /* TabBarController.swift in Sources */ = {isa = PBXBuildFile; fileRef = 3F5AA8452B0D20A600075613 /* TabBarController.swift */; };
		3FAC399A2B0DE09400C30D27 /* NavBarController.swift in Sources */ = {isa = PBXBuildFile; fileRef = 3FAC39992B0DE09400C30D27 /* NavBarController.swift */; };
		3FAC399D2B0DE62300C30D27 /* BaseController.swift in Sources */ = {isa = PBXBuildFile; fileRef = 3FAC399C2B0DE62300C30D27 /* BaseController.swift */; };
		3FAC399F2B0DE8B100C30D27 /* UIView + ext.swift in Sources */ = {isa = PBXBuildFile; fileRef = 3FAC399E2B0DE8B100C30D27 /* UIView + ext.swift */; };
		3FAC39A62B0DEBD500C30D27 /* SessionController.swift in Sources */ = {isa = PBXBuildFile; fileRef = 3FAC39A52B0DEBD500C30D27 /* SessionController.swift */; };
		3FAC39A82B0DEBEB00C30D27 /* ProgressController.swift in Sources */ = {isa = PBXBuildFile; fileRef = 3FAC39A72B0DEBEB00C30D27 /* ProgressController.swift */; };
		3FAC39AA2B0DEBFE00C30D27 /* SettingsController.swift in Sources */ = {isa = PBXBuildFile; fileRef = 3FAC39A92B0DEBFE00C30D27 /* SettingsController.swift */; };
		3FAC39AD2B0DF94D00C30D27 /* SecondaryButton.swift in Sources */ = {isa = PBXBuildFile; fileRef = 3FAC39AC2B0DF94D00C30D27 /* SecondaryButton.swift */; };
		3FED81772B0F2CB60097CF09 /* OverviewNavBar.swift in Sources */ = {isa = PBXBuildFile; fileRef = 3FED81762B0F2CB60097CF09 /* OverviewNavBar.swift */; };
		3FED81792B0F2CDA0097CF09 /* BaseView.swift in Sources */ = {isa = PBXBuildFile; fileRef = 3FED81782B0F2CDA0097CF09 /* BaseView.swift */; };
/* End PBXBuildFile section */

/* Begin PBXFileReference section */
		3F5AA8242B0D0ABE00075613 /* WorkoutApp.app */ = {isa = PBXFileReference; explicitFileType = wrapper.application; includeInIndex = 0; path = WorkoutApp.app; sourceTree = BUILT_PRODUCTS_DIR; };
		3F5AA8272B0D0ABE00075613 /* AppDelegate.swift */ = {isa = PBXFileReference; lastKnownFileType = sourcecode.swift; path = AppDelegate.swift; sourceTree = "<group>"; };
		3F5AA8292B0D0ABE00075613 /* SceneDelegate.swift */ = {isa = PBXFileReference; lastKnownFileType = sourcecode.swift; path = SceneDelegate.swift; sourceTree = "<group>"; };
		3F5AA82B2B0D0ABE00075613 /* OverviewController.swift */ = {isa = PBXFileReference; lastKnownFileType = sourcecode.swift; path = OverviewController.swift; sourceTree = "<group>"; };
		3F5AA8302B0D0AC000075613 /* Assets.xcassets */ = {isa = PBXFileReference; lastKnownFileType = folder.assetcatalog; path = Assets.xcassets; sourceTree = "<group>"; };
		3F5AA8332B0D0AC000075613 /* Base */ = {isa = PBXFileReference; lastKnownFileType = file.storyboard; name = Base; path = Base.lproj/LaunchScreen.storyboard; sourceTree = "<group>"; };
		3F5AA8352B0D0AC000075613 /* Info.plist */ = {isa = PBXFileReference; lastKnownFileType = text.plist.xml; path = Info.plist; sourceTree = "<group>"; };
		3F5AA8412B0D1EF900075613 /* UIColor + ext.swift */ = {isa = PBXFileReference; lastKnownFileType = sourcecode.swift; path = "UIColor + ext.swift"; sourceTree = "<group>"; };
		3F5AA8432B0D1FC300075613 /* Resources.swift */ = {isa = PBXFileReference; lastKnownFileType = sourcecode.swift; path = Resources.swift; sourceTree = "<group>"; };
		3F5AA8452B0D20A600075613 /* TabBarController.swift */ = {isa = PBXFileReference; lastKnownFileType = sourcecode.swift; path = TabBarController.swift; sourceTree = "<group>"; };
		3FAC39992B0DE09400C30D27 /* NavBarController.swift */ = {isa = PBXFileReference; lastKnownFileType = sourcecode.swift; path = NavBarController.swift; sourceTree = "<group>"; };
		3FAC399C2B0DE62300C30D27 /* BaseController.swift */ = {isa = PBXFileReference; lastKnownFileType = sourcecode.swift; path = BaseController.swift; sourceTree = "<group>"; };
		3FAC399E2B0DE8B100C30D27 /* UIView + ext.swift */ = {isa = PBXFileReference; lastKnownFileType = sourcecode.swift; path = "UIView + ext.swift"; sourceTree = "<group>"; };
		3FAC39A52B0DEBD500C30D27 /* SessionController.swift */ = {isa = PBXFileReference; lastKnownFileType = sourcecode.swift; path = SessionController.swift; sourceTree = "<group>"; };
		3FAC39A72B0DEBEB00C30D27 /* ProgressController.swift */ = {isa = PBXFileReference; lastKnownFileType = sourcecode.swift; path = ProgressController.swift; sourceTree = "<group>"; };
		3FAC39A92B0DEBFE00C30D27 /* SettingsController.swift */ = {isa = PBXFileReference; lastKnownFileType = sourcecode.swift; path = SettingsController.swift; sourceTree = "<group>"; };
		3FAC39AC2B0DF94D00C30D27 /* SecondaryButton.swift */ = {isa = PBXFileReference; lastKnownFileType = sourcecode.swift; path = SecondaryButton.swift; sourceTree = "<group>"; };
		3FED81762B0F2CB60097CF09 /* OverviewNavBar.swift */ = {isa = PBXFileReference; lastKnownFileType = sourcecode.swift; path = OverviewNavBar.swift; sourceTree = "<group>"; };
		3FED81782B0F2CDA0097CF09 /* BaseView.swift */ = {isa = PBXFileReference; lastKnownFileType = sourcecode.swift; path = BaseView.swift; sourceTree = "<group>"; };
/* End PBXFileReference section */

/* Begin PBXFrameworksBuildPhase section */
		3F5AA8212B0D0ABE00075613 /* Frameworks */ = {
			isa = PBXFrameworksBuildPhase;
			buildActionMask = 2147483647;
			files = (
			);
			runOnlyForDeploymentPostprocessing = 0;
		};
/* End PBXFrameworksBuildPhase section */

/* Begin PBXGroup section */
		3F5AA81B2B0D0ABE00075613 = {
			isa = PBXGroup;
			children = (
				3F5AA8262B0D0ABE00075613 /* WorkoutApp */,
				3F5AA8252B0D0ABE00075613 /* Products */,
			);
			sourceTree = "<group>";
		};
		3F5AA8252B0D0ABE00075613 /* Products */ = {
			isa = PBXGroup;
			children = (
				3F5AA8242B0D0ABE00075613 /* WorkoutApp.app */,
			);
			name = Products;
			sourceTree = "<group>";
		};
		3F5AA8262B0D0ABE00075613 /* WorkoutApp */ = {
			isa = PBXGroup;
			children = (
				3F5AA83B2B0D105500075613 /* Application */,
				3FAC399B2B0DE60000C30D27 /* Controllers */,
				3F5AA83F2B0D1EE500075613 /* Helpers */,
				3F5AA83C2B0D10B300075613 /* SupportingFiles */,
			);
			path = WorkoutApp;
			sourceTree = "<group>";
		};
		3F5AA83B2B0D105500075613 /* Application */ = {
			isa = PBXGroup;
			children = (
				3F5AA8272B0D0ABE00075613 /* AppDelegate.swift */,
				3F5AA8292B0D0ABE00075613 /* SceneDelegate.swift */,
			);
			path = Application;
			sourceTree = "<group>";
		};
		3F5AA83C2B0D10B300075613 /* SupportingFiles */ = {
			isa = PBXGroup;
			children = (
				3F5AA8302B0D0AC000075613 /* Assets.xcassets */,
				3F5AA8322B0D0AC000075613 /* LaunchScreen.storyboard */,
				3F5AA8352B0D0AC000075613 /* Info.plist */,
			);
			path = SupportingFiles;
			sourceTree = "<group>";
		};
		3F5AA83F2B0D1EE500075613 /* Helpers */ = {
			isa = PBXGroup;
			children = (
				3F5AA8402B0D1EEB00075613 /* Extensions */,
				3F5AA8432B0D1FC300075613 /* Resources.swift */,
			);
			path = Helpers;
			sourceTree = "<group>";
		};
		3F5AA8402B0D1EEB00075613 /* Extensions */ = {
			isa = PBXGroup;
			children = (
				3F5AA8412B0D1EF900075613 /* UIColor + ext.swift */,
				3FAC399E2B0DE8B100C30D27 /* UIView + ext.swift */,
			);
			path = Extensions;
			sourceTree = "<group>";
		};
		3FAC399B2B0DE60000C30D27 /* Controllers */ = {
			isa = PBXGroup;
			children = (
				3FAC39A12B0DEB9500C30D27 /* Overview */,
				3FAC39A42B0DEBB500C30D27 /* Settings */,
				3FAC39A32B0DEBAF00C30D27 /* Progress */,
				3FAC39A22B0DEBA900C30D27 /* Session */,
				3FAC39A02B0DEB1800C30D27 /* Base */,
			);
			path = Controllers;
			sourceTree = "<group>";
		};
		3FAC39A02B0DEB1800C30D27 /* Base */ = {
			isa = PBXGroup;
			children = (
				3F5AA8452B0D20A600075613 /* TabBarController.swift */,
				3FAC39992B0DE09400C30D27 /* NavBarController.swift */,
				3FAC399C2B0DE62300C30D27 /* BaseController.swift */,
				3FED81782B0F2CDA0097CF09 /* BaseView.swift */,
			);
			path = Base;
			sourceTree = "<group>";
		};
		3FAC39A12B0DEB9500C30D27 /* Overview */ = {
			isa = PBXGroup;
			children = (
				3FAC39AB2B0DF93700C30D27 /* Views */,
				3F5AA82B2B0D0ABE00075613 /* OverviewController.swift */,
			);
			path = Overview;
			sourceTree = "<group>";
		};
		3FAC39A22B0DEBA900C30D27 /* Session */ = {
			isa = PBXGroup;
			children = (
				3FAC39A52B0DEBD500C30D27 /* SessionController.swift */,
			);
			path = Session;
			sourceTree = "<group>";
		};
		3FAC39A32B0DEBAF00C30D27 /* Progress */ = {
			isa = PBXGroup;
			children = (
				3FAC39A72B0DEBEB00C30D27 /* ProgressController.swift */,
			);
			path = Progress;
			sourceTree = "<group>";
		};
		3FAC39A42B0DEBB500C30D27 /* Settings */ = {
			isa = PBXGroup;
			children = (
				3FAC39A92B0DEBFE00C30D27 /* SettingsController.swift */,
			);
			path = Settings;
			sourceTree = "<group>";
		};
		3FAC39AB2B0DF93700C30D27 /* Views */ = {
			isa = PBXGroup;
			children = (
				3FAC39AC2B0DF94D00C30D27 /* SecondaryButton.swift */,
				3FED81762B0F2CB60097CF09 /* OverviewNavBar.swift */,
			);
			path = Views;
			sourceTree = "<group>";
		};
/* End PBXGroup section */

/* Begin PBXNativeTarget section */
		3F5AA8232B0D0ABE00075613 /* WorkoutApp */ = {
			isa = PBXNativeTarget;
			buildConfigurationList = 3F5AA8382B0D0AC000075613 /* Build configuration list for PBXNativeTarget "WorkoutApp" */;
			buildPhases = (
				3F5AA8202B0D0ABE00075613 /* Sources */,
				3F5AA8212B0D0ABE00075613 /* Frameworks */,
				3F5AA8222B0D0ABE00075613 /* Resources */,
			);
			buildRules = (
			);
			dependencies = (
			);
			name = WorkoutApp;
			productName = WorkoutApp;
			productReference = 3F5AA8242B0D0ABE00075613 /* WorkoutApp.app */;
			productType = "com.apple.product-type.application";
		};
/* End PBXNativeTarget section */

/* Begin PBXProject section */
		3F5AA81C2B0D0ABE00075613 /* Project object */ = {
			isa = PBXProject;
			attributes = {
				BuildIndependentTargetsInParallel = 1;
				LastSwiftUpdateCheck = 1420;
				LastUpgradeCheck = 1420;
				TargetAttributes = {
					3F5AA8232B0D0ABE00075613 = {
						CreatedOnToolsVersion = 14.2;
					};
				};
			};
			buildConfigurationList = 3F5AA81F2B0D0ABE00075613 /* Build configuration list for PBXProject "WorkoutApp" */;
			compatibilityVersion = "Xcode 14.0";
			developmentRegion = en;
			hasScannedForEncodings = 0;
			knownRegions = (
				en,
				Base,
			);
			mainGroup = 3F5AA81B2B0D0ABE00075613;
			productRefGroup = 3F5AA8252B0D0ABE00075613 /* Products */;
			projectDirPath = "";
			projectRoot = "";
			targets = (
				3F5AA8232B0D0ABE00075613 /* WorkoutApp */,
			);
		};
/* End PBXProject section */

/* Begin PBXResourcesBuildPhase section */
		3F5AA8222B0D0ABE00075613 /* Resources */ = {
			isa = PBXResourcesBuildPhase;
			buildActionMask = 2147483647;
			files = (
				3F5AA8342B0D0AC000075613 /* LaunchScreen.storyboard in Resources */,
				3F5AA8312B0D0AC000075613 /* Assets.xcassets in Resources */,
			);
			runOnlyForDeploymentPostprocessing = 0;
		};
/* End PBXResourcesBuildPhase section */

/* Begin PBXSourcesBuildPhase section */
		3F5AA8202B0D0ABE00075613 /* Sources */ = {
			isa = PBXSourcesBuildPhase;
			buildActionMask = 2147483647;
			files = (
				3FAC39AA2B0DEBFE00C30D27 /* SettingsController.swift in Sources */,
				3F5AA82C2B0D0ABE00075613 /* OverviewController.swift in Sources */,
				3FED81772B0F2CB60097CF09 /* OverviewNavBar.swift in Sources */,
				3FAC399F2B0DE8B100C30D27 /* UIView + ext.swift in Sources */,
				3F5AA8282B0D0ABE00075613 /* AppDelegate.swift in Sources */,
				3F5AA82A2B0D0ABE00075613 /* SceneDelegate.swift in Sources */,
				3FAC39A62B0DEBD500C30D27 /* SessionController.swift in Sources */,
				3FAC39AD2B0DF94D00C30D27 /* SecondaryButton.swift in Sources */,
				3FAC39A82B0DEBEB00C30D27 /* ProgressController.swift in Sources */,
				3FAC399A2B0DE09400C30D27 /* NavBarController.swift in Sources */,
				3F5AA8462B0D20A600075613 /* TabBarController.swift in Sources */,
				3F5AA8442B0D1FC300075613 /* Resources.swift in Sources */,
				3FED81792B0F2CDA0097CF09 /* BaseView.swift in Sources */,
				3FAC399D2B0DE62300C30D27 /* BaseController.swift in Sources */,
				3F5AA8422B0D1EF900075613 /* UIColor + ext.swift in Sources */,
			);
			runOnlyForDeploymentPostprocessing = 0;
		};
/* End PBXSourcesBuildPhase section */

/* Begin PBXVariantGroup section */
		3F5AA8322B0D0AC000075613 /* LaunchScreen.storyboard */ = {
			isa = PBXVariantGroup;
			children = (
				3F5AA8332B0D0AC000075613 /* Base */,
			);
			name = LaunchScreen.storyboard;
			sourceTree = "<group>";
		};
/* End PBXVariantGroup section */

/* Begin XCBuildConfiguration section */
		3F5AA8362B0D0AC000075613 /* Debug */ = {
			isa = XCBuildConfiguration;
			buildSettings = {
				ALWAYS_SEARCH_USER_PATHS = NO;
				CLANG_ANALYZER_NONNULL = YES;
				CLANG_ANALYZER_NUMBER_OBJECT_CONVERSION = YES_AGGRESSIVE;
				CLANG_CXX_LANGUAGE_STANDARD = "gnu++20";
				CLANG_ENABLE_MODULES = YES;
				CLANG_ENABLE_OBJC_ARC = YES;
				CLANG_ENABLE_OBJC_WEAK = YES;
				CLANG_WARN_BLOCK_CAPTURE_AUTORELEASING = YES;
				CLANG_WARN_BOOL_CONVERSION = YES;
				CLANG_WARN_COMMA = YES;
				CLANG_WARN_CONSTANT_CONVERSION = YES;
				CLANG_WARN_DEPRECATED_OBJC_IMPLEMENTATIONS = YES;
				CLANG_WARN_DIRECT_OBJC_ISA_USAGE = YES_ERROR;
				CLANG_WARN_DOCUMENTATION_COMMENTS = YES;
				CLANG_WARN_EMPTY_BODY = YES;
				CLANG_WARN_ENUM_CONVERSION = YES;
				CLANG_WARN_INFINITE_RECURSION = YES;
				CLANG_WARN_INT_CONVERSION = YES;
				CLANG_WARN_NON_LITERAL_NULL_CONVERSION = YES;
				CLANG_WARN_OBJC_IMPLICIT_RETAIN_SELF = YES;
				CLANG_WARN_OBJC_LITERAL_CONVERSION = YES;
				CLANG_WARN_OBJC_ROOT_CLASS = YES_ERROR;
				CLANG_WARN_QUOTED_INCLUDE_IN_FRAMEWORK_HEADER = YES;
				CLANG_WARN_RANGE_LOOP_ANALYSIS = YES;
				CLANG_WARN_STRICT_PROTOTYPES = YES;
				CLANG_WARN_SUSPICIOUS_MOVE = YES;
				CLANG_WARN_UNGUARDED_AVAILABILITY = YES_AGGRESSIVE;
				CLANG_WARN_UNREACHABLE_CODE = YES;
				CLANG_WARN__DUPLICATE_METHOD_MATCH = YES;
				COPY_PHASE_STRIP = NO;
				DEBUG_INFORMATION_FORMAT = dwarf;
				ENABLE_STRICT_OBJC_MSGSEND = YES;
				ENABLE_TESTABILITY = YES;
				GCC_C_LANGUAGE_STANDARD = gnu11;
				GCC_DYNAMIC_NO_PIC = NO;
				GCC_NO_COMMON_BLOCKS = YES;
				GCC_OPTIMIZATION_LEVEL = 0;
				GCC_PREPROCESSOR_DEFINITIONS = (
					"DEBUG=1",
					"$(inherited)",
				);
				GCC_WARN_64_TO_32_BIT_CONVERSION = YES;
				GCC_WARN_ABOUT_RETURN_TYPE = YES_ERROR;
				GCC_WARN_UNDECLARED_SELECTOR = YES;
				GCC_WARN_UNINITIALIZED_AUTOS = YES_AGGRESSIVE;
				GCC_WARN_UNUSED_FUNCTION = YES;
				GCC_WARN_UNUSED_VARIABLE = YES;
				IPHONEOS_DEPLOYMENT_TARGET = 16.2;
				MTL_ENABLE_DEBUG_INFO = INCLUDE_SOURCE;
				MTL_FAST_MATH = YES;
				ONLY_ACTIVE_ARCH = YES;
				SDKROOT = iphoneos;
				SWIFT_ACTIVE_COMPILATION_CONDITIONS = DEBUG;
				SWIFT_OPTIMIZATION_LEVEL = "-Onone";
			};
			name = Debug;
		};
		3F5AA8372B0D0AC000075613 /* Release */ = {
			isa = XCBuildConfiguration;
			buildSettings = {
				ALWAYS_SEARCH_USER_PATHS = NO;
				CLANG_ANALYZER_NONNULL = YES;
				CLANG_ANALYZER_NUMBER_OBJECT_CONVERSION = YES_AGGRESSIVE;
				CLANG_CXX_LANGUAGE_STANDARD = "gnu++20";
				CLANG_ENABLE_MODULES = YES;
				CLANG_ENABLE_OBJC_ARC = YES;
				CLANG_ENABLE_OBJC_WEAK = YES;
				CLANG_WARN_BLOCK_CAPTURE_AUTORELEASING = YES;
				CLANG_WARN_BOOL_CONVERSION = YES;
				CLANG_WARN_COMMA = YES;
				CLANG_WARN_CONSTANT_CONVERSION = YES;
				CLANG_WARN_DEPRECATED_OBJC_IMPLEMENTATIONS = YES;
				CLANG_WARN_DIRECT_OBJC_ISA_USAGE = YES_ERROR;
				CLANG_WARN_DOCUMENTATION_COMMENTS = YES;
				CLANG_WARN_EMPTY_BODY = YES;
				CLANG_WARN_ENUM_CONVERSION = YES;
				CLANG_WARN_INFINITE_RECURSION = YES;
				CLANG_WARN_INT_CONVERSION = YES;
				CLANG_WARN_NON_LITERAL_NULL_CONVERSION = YES;
				CLANG_WARN_OBJC_IMPLICIT_RETAIN_SELF = YES;
				CLANG_WARN_OBJC_LITERAL_CONVERSION = YES;
				CLANG_WARN_OBJC_ROOT_CLASS = YES_ERROR;
				CLANG_WARN_QUOTED_INCLUDE_IN_FRAMEWORK_HEADER = YES;
				CLANG_WARN_RANGE_LOOP_ANALYSIS = YES;
				CLANG_WARN_STRICT_PROTOTYPES = YES;
				CLANG_WARN_SUSPICIOUS_MOVE = YES;
				CLANG_WARN_UNGUARDED_AVAILABILITY = YES_AGGRESSIVE;
				CLANG_WARN_UNREACHABLE_CODE = YES;
				CLANG_WARN__DUPLICATE_METHOD_MATCH = YES;
				COPY_PHASE_STRIP = NO;
				DEBUG_INFORMATION_FORMAT = "dwarf-with-dsym";
				ENABLE_NS_ASSERTIONS = NO;
				ENABLE_STRICT_OBJC_MSGSEND = YES;
				GCC_C_LANGUAGE_STANDARD = gnu11;
				GCC_NO_COMMON_BLOCKS = YES;
				GCC_WARN_64_TO_32_BIT_CONVERSION = YES;
				GCC_WARN_ABOUT_RETURN_TYPE = YES_ERROR;
				GCC_WARN_UNDECLARED_SELECTOR = YES;
				GCC_WARN_UNINITIALIZED_AUTOS = YES_AGGRESSIVE;
				GCC_WARN_UNUSED_FUNCTION = YES;
				GCC_WARN_UNUSED_VARIABLE = YES;
				IPHONEOS_DEPLOYMENT_TARGET = 16.2;
				MTL_ENABLE_DEBUG_INFO = NO;
				MTL_FAST_MATH = YES;
				SDKROOT = iphoneos;
				SWIFT_COMPILATION_MODE = wholemodule;
				SWIFT_OPTIMIZATION_LEVEL = "-O";
				VALIDATE_PRODUCT = YES;
			};
			name = Release;
		};
		3F5AA8392B0D0AC000075613 /* Debug */ = {
			isa = XCBuildConfiguration;
			buildSettings = {
				ASSETCATALOG_COMPILER_APPICON_NAME = AppIcon;
				ASSETCATALOG_COMPILER_GLOBAL_ACCENT_COLOR_NAME = AccentColor;
				CODE_SIGN_STYLE = Automatic;
				CURRENT_PROJECT_VERSION = 1;
				DEVELOPMENT_TEAM = 7YZ28BX3VS;
				GENERATE_INFOPLIST_FILE = YES;
				INFOPLIST_FILE = WorkoutApp/SupportingFiles/Info.plist;
				INFOPLIST_KEY_UIApplicationSupportsIndirectInputEvents = YES;
				INFOPLIST_KEY_UILaunchStoryboardName = LaunchScreen;
				INFOPLIST_KEY_UISupportedInterfaceOrientations = UIInterfaceOrientationPortrait;
				INFOPLIST_KEY_UISupportedInterfaceOrientations_iPad = "UIInterfaceOrientationLandscapeLeft UIInterfaceOrientationLandscapeRight UIInterfaceOrientationPortrait UIInterfaceOrientationPortraitUpsideDown";
				IPHONEOS_DEPLOYMENT_TARGET = 15.0;
				LD_RUNPATH_SEARCH_PATHS = (
					"$(inherited)",
					"@executable_path/Frameworks",
				);
				MARKETING_VERSION = 1.0;
				PRODUCT_BUNDLE_IDENTIFIER = ru.aesergeev.WorkoutApp;
				PRODUCT_NAME = "$(TARGET_NAME)";
				SUPPORTED_PLATFORMS = "iphoneos iphonesimulator";
				SUPPORTS_MACCATALYST = NO;
				SUPPORTS_MAC_DESIGNED_FOR_IPHONE_IPAD = NO;
				SWIFT_EMIT_LOC_STRINGS = YES;
				SWIFT_VERSION = 5.0;
				TARGETED_DEVICE_FAMILY = 1;
			};
			name = Debug;
		};
		3F5AA83A2B0D0AC000075613 /* Release */ = {
			isa = XCBuildConfiguration;
			buildSettings = {
				ASSETCATALOG_COMPILER_APPICON_NAME = AppIcon;
				ASSETCATALOG_COMPILER_GLOBAL_ACCENT_COLOR_NAME = AccentColor;
				CODE_SIGN_STYLE = Automatic;
				CURRENT_PROJECT_VERSION = 1;
				DEVELOPMENT_TEAM = 7YZ28BX3VS;
				GENERATE_INFOPLIST_FILE = YES;
				INFOPLIST_FILE = WorkoutApp/SupportingFiles/Info.plist;
				INFOPLIST_KEY_UIApplicationSupportsIndirectInputEvents = YES;
				INFOPLIST_KEY_UILaunchStoryboardName = LaunchScreen;
				INFOPLIST_KEY_UISupportedInterfaceOrientations = UIInterfaceOrientationPortrait;
				INFOPLIST_KEY_UISupportedInterfaceOrientations_iPad = "UIInterfaceOrientationLandscapeLeft UIInterfaceOrientationLandscapeRight UIInterfaceOrientationPortrait UIInterfaceOrientationPortraitUpsideDown";
				IPHONEOS_DEPLOYMENT_TARGET = 15.0;
				LD_RUNPATH_SEARCH_PATHS = (
					"$(inherited)",
					"@executable_path/Frameworks",
				);
				MARKETING_VERSION = 1.0;
				PRODUCT_BUNDLE_IDENTIFIER = ru.aesergeev.WorkoutApp;
				PRODUCT_NAME = "$(TARGET_NAME)";
				SUPPORTED_PLATFORMS = "iphoneos iphonesimulator";
				SUPPORTS_MACCATALYST = NO;
				SUPPORTS_MAC_DESIGNED_FOR_IPHONE_IPAD = NO;
				SWIFT_EMIT_LOC_STRINGS = YES;
				SWIFT_VERSION = 5.0;
				TARGETED_DEVICE_FAMILY = 1;
			};
			name = Release;
		};
/* End XCBuildConfiguration section */

/* Begin XCConfigurationList section */
		3F5AA81F2B0D0ABE00075613 /* Build configuration list for PBXProject "WorkoutApp" */ = {
			isa = XCConfigurationList;
			buildConfigurations = (
				3F5AA8362B0D0AC000075613 /* Debug */,
				3F5AA8372B0D0AC000075613 /* Release */,
			);
			defaultConfigurationIsVisible = 0;
			defaultConfigurationName = Release;
		};
		3F5AA8382B0D0AC000075613 /* Build configuration list for PBXNativeTarget "WorkoutApp" */ = {
			isa = XCConfigurationList;
			buildConfigurations = (
				3F5AA8392B0D0AC000075613 /* Debug */,
				3F5AA83A2B0D0AC000075613 /* Release */,
			);
			defaultConfigurationIsVisible = 0;
			defaultConfigurationName = Release;
		};
/* End XCConfigurationList section */
	};
	rootObject = 3F5AA81C2B0D0ABE00075613 /* Project object */;
}
